{
  "markbot": "ff40e408839b31ae2df87263e336b2cfd8ac0f31652a775ede608914c1366b46",
  "index.html": "2155d815a5a8844f8dd42670e7c4e94fa7a2225262a79915feeda4680452cf52",
  "css/modules.css": "ea02d004dff85cc0b97839a5ad00b51592cff645513be0e59e231d03dc26c439",
  "css/grid.css": "468021728060e29f007cf12da8f95ac978c6e8bc587386277a4cf35466e1510d",
  "css/type.css": "c1f0e22f9d3e04333077d1d0a78f53e06e29acce57d779dae27295323049a3ec",
  "index-320.png": "1c3630366d7794005fad0bdb500267aabc836829de50ed5724187eef0ef0e1b2",
  "index-400.png": "19d3c4717359a1364a4b4a01353c901ac5af45f27f103858f6c9598047d82f06",
  "index-608.png": "58793d6bc4d1ab7a6fce5ad207eddf646a2bdcc62e57323c0b6afc6d7c14f53d",
  "index-960.png": "843fb24d18dcef72adba5ced3a141a222c15acbf43924338a736ba41dca002b5",
  "index-1440.png": "fe1fcf33ebf167b4df827b5e05186c34544f24a7123848c8e53ef74737a50461"
}