{
  "markbot": "9efe86bf2c1bde5c97e5a9285017068e6844936bdcdc8309a353e26c942adcd0",
  "markbotignore": "030a4e6e1b3b6b510514a7ae54576e2c2ef762d56236c6414ef634955d96a126",
  "index.html": "2155d815a5a8844f8dd42670e7c4e94fa7a2225262a79915feeda4680452cf52",
  "css/modules.css": "96346f0f08feef1ab99ea84d10d76c7bdb1bda1939bb0c9c2c4a180dbd2854e8",
  "css/grid.css": "5f3a5494e2f64e4e7aaf83aa5763a57b78d73bb70c85f3812f4bd2d02a12596c",
  "css/type.css": "b3e9aef3c9e78ee7edc49cf2579e54c91052fd1c7b35a0ab27dd6c0aec925e9b",
  "index-320.png": "1c3630366d7794005fad0bdb500267aabc836829de50ed5724187eef0ef0e1b2",
  "index-400.png": "19d3c4717359a1364a4b4a01353c901ac5af45f27f103858f6c9598047d82f06",
  "index-608.png": "58793d6bc4d1ab7a6fce5ad207eddf646a2bdcc62e57323c0b6afc6d7c14f53d",
  "index-960.png": "843fb24d18dcef72adba5ced3a141a222c15acbf43924338a736ba41dca002b5",
  "index-1440.png": "fe1fcf33ebf167b4df827b5e05186c34544f24a7123848c8e53ef74737a50461"
}